
Microsoft Visual Studio Solution File, Format Version 12.00
# Visual Studio Version 17
VisualStudioVersion = 17.13.35828.75
MinimumVisualStudioVersion = 10.0.40219.1
Project("{FAE04EC0-301F-11D3-BF4B-00C04F79EFBC}") = "FeroTech.Web", "FeroTech.Web\FeroTech.Web.csproj", "{16DDA484-1AC2-43AA-9AA6-5F5530DE20B7}"
EndProject
Project("{FAE04EC0-301F-11D3-BF4B-00C04F79EFBC}") = "FeroTech.Infrastructure", "FeroTech.Infrastructure\FeroTech.Infrastructure.csproj", "{186A2061-659B-4C1D-A0F6-8C314A81FA5A}"
EndProject
Project("{2150E333-8FDC-42A3-9474-1A3956D46DE8}") = "Solution Items", "Solution Items", "{02EA681E-C7D8-13C7-8484-4AC65E1B71E8}"
	ProjectSection(SolutionItems) = preProject
		.editorconfig = .editorconfig
	EndProjectSection
EndProject
Global
	GlobalSection(SolutionConfigurationPlatforms) = preSolution
		Debug|Any CPU = Debug|Any CPU
		Release|Any CPU = Release|Any CPU
	EndGlobalSection
	GlobalSection(ProjectConfigurationPlatforms) = postSolution
		{16DDA484-1AC2-43AA-9AA6-5F5530DE20B7}.Debug|Any CPU.ActiveCfg = Debug|Any CPU
		{16DDA484-1AC2-43AA-9AA6-5F5530DE20B7}.Debug|Any CPU.Build.0 = Debug|Any CPU
		{16DDA484-1AC2-43AA-9AA6-5F5530DE20B7}.Release|Any CPU.ActiveCfg = Release|Any CPU
		{16DDA484-1AC2-43AA-9AA6-5F5530DE20B7}.Release|Any CPU.Build.0 = Release|Any CPU
		{186A2061-659B-4C1D-A0F6-8C314A81FA5A}.Debug|Any CPU.ActiveCfg = Debug|Any CPU
		{186A2061-659B-4C1D-A0F6-8C314A81FA5A}.Debug|Any CPU.Build.0 = Debug|Any CPU
		{186A2061-659B-4C1D-A0F6-8C314A81FA5A}.Release|Any CPU.ActiveCfg = Release|Any CPU
		{186A2061-659B-4C1D-A0F6-8C314A81FA5A}.Release|Any CPU.Build.0 = Release|Any CPU
	EndGlobalSection
	GlobalSection(SolutionProperties) = preSolution
		HideSolutionNode = FALSE
	EndGlobalSection
	GlobalSection(ExtensibilityGlobals) = postSolution
		SolutionGuid = {43BFD08A-8A0A-4FB1-9956-9E3F9DED6478}
	EndGlobalSection
EndGlobal
